
Microsoft Visual Studio Solution File, Format Version 12.00
# Visual Studio Version 17
VisualStudioVersion = 17.0.31903.59
MinimumVisualStudioVersion = 10.0.40219.1
Project("{FAE04EC0-301F-11D3-BF4B-00C04F79EFBC}") = "SampleService", "src\SampleService\SampleService.csproj", "{674743A4-2593-4068-BBFF-D49793E80029}"
EndProject
Project("{2150E333-8FDC-42A3-9474-1A3956D46DE8}") = ".nomad", ".nomad", "{8FFADA01-828D-4F8C-976B-6162CB7A207D}"
	ProjectSection(SolutionItems) = preProject
		.nomad\SampleService.job.hcl = .nomad\SampleService.job.hcl
	EndProjectSection
EndProject
Global
	GlobalSection(SolutionConfigurationPlatforms) = preSolution
		Debug|Any CPU = Debug|Any CPU
		Release|Any CPU = Release|Any CPU
	EndGlobalSection
	GlobalSection(ProjectConfigurationPlatforms) = postSolution
		{674743A4-2593-4068-BBFF-D49793E80029}.Debug|Any CPU.ActiveCfg = Debug|Any CPU
		{674743A4-2593-4068-BBFF-D49793E80029}.Debug|Any CPU.Build.0 = Debug|Any CPU
		{674743A4-2593-4068-BBFF-D49793E80029}.Release|Any CPU.ActiveCfg = Release|Any CPU
		{674743A4-2593-4068-BBFF-D49793E80029}.Release|Any CPU.Build.0 = Release|Any CPU
	EndGlobalSection
	GlobalSection(SolutionProperties) = preSolution
		HideSolutionNode = FALSE
	EndGlobalSection
	GlobalSection(ExtensibilityGlobals) = postSolution
		SolutionGuid = {DAAEAB61-0619-4B78-8686-45B1C4363370}
	EndGlobalSection
EndGlobal
